
Microsoft Visual Studio Solution File, Format Version 12.00
# Visual Studio Version 16
VisualStudioVersion = 16.0.31424.327
MinimumVisualStudioVersion = 10.0.40219.1
Project("{FAE04EC0-301F-11D3-BF4B-00C04F79EFBC}") = "Firmas.Android", "Firmas\Firmas.Android\Firmas.Android.csproj", "{BB0C6206-52CA-4B60-A8B3-CF21FDE08FE4}"
EndProject
Project("{FAE04EC0-301F-11D3-BF4B-00C04F79EFBC}") = "Firmas", "Firmas\Firmas\Firmas.csproj", "{F08B3E36-8310-490F-A68A-12EBF2D80FB5}"
EndProject
Global
	GlobalSection(SolutionConfigurationPlatforms) = preSolution
		Debug|Any CPU = Debug|Any CPU
		Release|Any CPU = Release|Any CPU
	EndGlobalSection
	GlobalSection(ProjectConfigurationPlatforms) = postSolution
		{BB0C6206-52CA-4B60-A8B3-CF21FDE08FE4}.Debug|Any CPU.ActiveCfg = Debug|Any CPU
		{BB0C6206-52CA-4B60-A8B3-CF21FDE08FE4}.Debug|Any CPU.Build.0 = Debug|Any CPU
		{BB0C6206-52CA-4B60-A8B3-CF21FDE08FE4}.Debug|Any CPU.Deploy.0 = Debug|Any CPU
		{BB0C6206-52CA-4B60-A8B3-CF21FDE08FE4}.Release|Any CPU.ActiveCfg = Release|Any CPU
		{BB0C6206-52CA-4B60-A8B3-CF21FDE08FE4}.Release|Any CPU.Build.0 = Release|Any CPU
		{BB0C6206-52CA-4B60-A8B3-CF21FDE08FE4}.Release|Any CPU.Deploy.0 = Release|Any CPU
		{F08B3E36-8310-490F-A68A-12EBF2D80FB5}.Debug|Any CPU.ActiveCfg = Debug|Any CPU
		{F08B3E36-8310-490F-A68A-12EBF2D80FB5}.Debug|Any CPU.Build.0 = Debug|Any CPU
		{F08B3E36-8310-490F-A68A-12EBF2D80FB5}.Debug|Any CPU.Deploy.0 = Debug|Any CPU
		{F08B3E36-8310-490F-A68A-12EBF2D80FB5}.Release|Any CPU.ActiveCfg = Release|Any CPU
		{F08B3E36-8310-490F-A68A-12EBF2D80FB5}.Release|Any CPU.Build.0 = Release|Any CPU
		{F08B3E36-8310-490F-A68A-12EBF2D80FB5}.Release|Any CPU.Deploy.0 = Release|Any CPU
	EndGlobalSection
	GlobalSection(SolutionProperties) = preSolution
		HideSolutionNode = FALSE
	EndGlobalSection
	GlobalSection(ExtensibilityGlobals) = postSolution
		SolutionGuid = {A66E3F7F-4F3D-4312-98E5-9D24DEF81145}
	EndGlobalSection
EndGlobal
